
Microsoft Visual Studio Solution File, Format Version 12.00
# Visual Studio Version 16
VisualStudioVersion = 16.0.30621.155
MinimumVisualStudioVersion = 10.0.40219.1
Project("{FAE04EC0-301F-11D3-BF4B-00C04F79EFBC}") = "PurchasePrices.Console", "PurchasePrice\PurchasePrices.Console.csproj", "{723688C8-14B0-4DA0-B83A-64D7D01AAD58}"
EndProject
Project("{FAE04EC0-301F-11D3-BF4B-00C04F79EFBC}") = "PurchasePrices.Domain", "PurchasePrice.Domain\PurchasePrices.Domain.csproj", "{88DCE6E3-B222-4516-871A-01247052840B}"
EndProject
Project("{FAE04EC0-301F-11D3-BF4B-00C04F79EFBC}") = "PurchasePrices.Tests", "PurchasePrices.Tests\PurchasePrices.Tests.csproj", "{5C04AE1C-39D6-4548-A1B4-1D504806D1A1}"
EndProject
Global
	GlobalSection(SolutionConfigurationPlatforms) = preSolution
		Debug|Any CPU = Debug|Any CPU
		Release|Any CPU = Release|Any CPU
	EndGlobalSection
	GlobalSection(ProjectConfigurationPlatforms) = postSolution
		{723688C8-14B0-4DA0-B83A-64D7D01AAD58}.Debug|Any CPU.ActiveCfg = Debug|Any CPU
		{723688C8-14B0-4DA0-B83A-64D7D01AAD58}.Debug|Any CPU.Build.0 = Debug|Any CPU
		{723688C8-14B0-4DA0-B83A-64D7D01AAD58}.Release|Any CPU.ActiveCfg = Release|Any CPU
		{723688C8-14B0-4DA0-B83A-64D7D01AAD58}.Release|Any CPU.Build.0 = Release|Any CPU
		{88DCE6E3-B222-4516-871A-01247052840B}.Debug|Any CPU.ActiveCfg = Debug|Any CPU
		{88DCE6E3-B222-4516-871A-01247052840B}.Debug|Any CPU.Build.0 = Debug|Any CPU
		{88DCE6E3-B222-4516-871A-01247052840B}.Release|Any CPU.ActiveCfg = Release|Any CPU
		{88DCE6E3-B222-4516-871A-01247052840B}.Release|Any CPU.Build.0 = Release|Any CPU
		{5C04AE1C-39D6-4548-A1B4-1D504806D1A1}.Debug|Any CPU.ActiveCfg = Debug|Any CPU
		{5C04AE1C-39D6-4548-A1B4-1D504806D1A1}.Debug|Any CPU.Build.0 = Debug|Any CPU
		{5C04AE1C-39D6-4548-A1B4-1D504806D1A1}.Release|Any CPU.ActiveCfg = Release|Any CPU
		{5C04AE1C-39D6-4548-A1B4-1D504806D1A1}.Release|Any CPU.Build.0 = Release|Any CPU
	EndGlobalSection
	GlobalSection(SolutionProperties) = preSolution
		HideSolutionNode = FALSE
	EndGlobalSection
	GlobalSection(ExtensibilityGlobals) = postSolution
		SolutionGuid = {ECE59C36-A736-4956-B5F0-DD5D7A44D13F}
	EndGlobalSection
EndGlobal
